
Microsoft Visual Studio Solution File, Format Version 12.00
# Visual Studio Version 17
VisualStudioVersion = 17.8.34316.72
MinimumVisualStudioVersion = 10.0.40219.1
Project("{FAE04EC0-301F-11D3-BF4B-00C04F79EFBC}") = "Aplikacja_sklep", "Aplikacja_sklep.csproj", "{847FD01A-F0DD-4D5E-B105-625544537E37}"
EndProject
Global
	GlobalSection(SolutionConfigurationPlatforms) = preSolution
		Debug|Any CPU = Debug|Any CPU
		Release|Any CPU = Release|Any CPU
	EndGlobalSection
	GlobalSection(ProjectConfigurationPlatforms) = postSolution
		{847FD01A-F0DD-4D5E-B105-625544537E37}.Debug|Any CPU.ActiveCfg = Debug|Any CPU
		{847FD01A-F0DD-4D5E-B105-625544537E37}.Debug|Any CPU.Build.0 = Debug|Any CPU
		{847FD01A-F0DD-4D5E-B105-625544537E37}.Release|Any CPU.ActiveCfg = Release|Any CPU
		{847FD01A-F0DD-4D5E-B105-625544537E37}.Release|Any CPU.Build.0 = Release|Any CPU
	EndGlobalSection
	GlobalSection(SolutionProperties) = preSolution
		HideSolutionNode = FALSE
	EndGlobalSection
	GlobalSection(ExtensibilityGlobals) = postSolution
		SolutionGuid = {A6E45BA8-4785-476E-BD02-E8C3D9357FA1}
	EndGlobalSection
EndGlobal
